lockfileVersion: '9.0'

settings:
  autoInstallPeers: true
  excludeLinksFromLockfile: false

importers:

  .:
    dependencies:
      turndown-plugin-gfm:
        specifier: ^1.0.2
        version: 1.0.2

packages:

  turndown-plugin-gfm@1.0.2:
    resolution: {integrity: sha512-vwz9tfvF7XN/jE0dGoBei3FXWuvll78ohzCZQuOb+ZjWrs3a0XhQVomJEb2Qh4VHTPNRO4GPZh0V7VRbiWwkRg==}

snapshots:

  turndown-plugin-gfm@1.0.2: {}
