lockfileVersion: '9.0'

settings:
  autoInstallPeers: true
  excludeLinksFromLockfile: false

importers:

  .:
    devDependencies:
      '@types/saml2-js':
        specifier: ^3.0.4
        version: 3.0.4

packages:

  '@types/saml2-js@3.0.4':
    resolution: {integrity: sha512-UpZxw28p7A5ycUdEOTXn+2l6JrsuWXeinf4bNj8MPoVrOW293KIYOTPrjz/a0gOGwsH8+8+rbmWj6/4lHf9NFg==}

snapshots:

  '@types/saml2-js@3.0.4': {}
